{
  "name": "wiki2reveal",
  "version": "2.1.4",
  "lockfileVersion": 1,
  "requires": true,
  "dependencies": {
    "async": {
      "version": "0.2.10",
      "resolved": "https://registry.npmjs.org/async/-/async-0.2.10.tgz",
      "integrity": "sha1-trvgsGdLnXGXCMo43owjfLUmw9E=",
      "dev": true
    },
    "build4code": {
      "version": "0.3.13",
      "resolved": "https://registry.npmjs.org/build4code/-/build4code-0.3.13.tgz",
      "integrity": "sha512-yT18xYDJ+MgIe80YxS/zWyrY0ba+7spjGNCow8/3SPDPlCQkkZKdMI6DQ91sZgD8DYYxc3wYyIt3HxpQgQuvCg==",
      "dev": true,
      "requires": {
        "concat-files": "^0.1.1"
      }
    },
    "concat-files": {
      "version": "0.1.1",
      "resolved": "https://registry.npmjs.org/concat-files/-/concat-files-0.1.1.tgz",
      "integrity": "sha1-cBauYCeLo/awtWE2j6IRFg5VbbU=",
      "dev": true,
      "requires": {
        "async": "~0.2.6"
      }
    }
  }
}
